// !$*UTF8*$!
{
	archiveVersion = 1;
	classes = {
	};
	objectVersion = 50;
	objects = {

/* Begin PBXBuildFile section */
		75EEB82C2199003200125AEB /* GameManager.swift in Sources */ = {isa = PBXBuildFile; fileRef = 75EEB82B2199003200125AEB /* GameManager.swift */; };
		A515AEC92188E8FA00A2F2AE /* AppDelegate.swift in Sources */ = {isa = PBXBuildFile; fileRef = A515AEC82188E8FA00A2F2AE /* AppDelegate.swift */; };
		A515AECB2188E8FA00A2F2AE /* ViewController.swift in Sources */ = {isa = PBXBuildFile; fileRef = A515AECA2188E8FA00A2F2AE /* ViewController.swift */; };
		A515AECE2188E8FA00A2F2AE /* Main.storyboard in Resources */ = {isa = PBXBuildFile; fileRef = A515AECC2188E8FA00A2F2AE /* Main.storyboard */; };
		A515AED02188E8FC00A2F2AE /* Assets.xcassets in Resources */ = {isa = PBXBuildFile; fileRef = A515AECF2188E8FC00A2F2AE /* Assets.xcassets */; };
		A515AED32188E8FC00A2F2AE /* LaunchScreen.storyboard in Resources */ = {isa = PBXBuildFile; fileRef = A515AED12188E8FC00A2F2AE /* LaunchScreen.storyboard */; };
		A515AEDB2188EB7200A2F2AE /* logInViewController.swift in Sources */ = {isa = PBXBuildFile; fileRef = A515AEDA2188EB7200A2F2AE /* logInViewController.swift */; };
		A515AEDD2188ED7C00A2F2AE /* registerViewController.swift in Sources */ = {isa = PBXBuildFile; fileRef = A515AEDC2188ED7C00A2F2AE /* registerViewController.swift */; };
		A515AEDF2188EFEB00A2F2AE /* menuViewController.swift in Sources */ = {isa = PBXBuildFile; fileRef = A515AEDE2188EFEB00A2F2AE /* menuViewController.swift */; };
		A515AEE12188F18E00A2F2AE /* createGameViewController.swift in Sources */ = {isa = PBXBuildFile; fileRef = A515AEE02188F18E00A2F2AE /* createGameViewController.swift */; };
		A515AEE32188F19E00A2F2AE /* currentGameViewController.swift in Sources */ = {isa = PBXBuildFile; fileRef = A515AEE22188F19E00A2F2AE /* currentGameViewController.swift */; };
		A515AEE52188F20D00A2F2AE /* joinGameViewController.swift in Sources */ = {isa = PBXBuildFile; fileRef = A515AEE42188F20D00A2F2AE /* joinGameViewController.swift */; };
		A5E75686219CE94600B80F90 /* MyGamesViewController.swift in Sources */ = {isa = PBXBuildFile; fileRef = A5E75685219CE94600B80F90 /* MyGamesViewController.swift */; };
		FE46C1880C9AF253805B8F51 /* Pods_Assassin2.framework in Frameworks */ = {isa = PBXBuildFile; fileRef = 9C0E6FD5DD7B8DB1FF3E18D0 /* Pods_Assassin2.framework */; };
/* End PBXBuildFile section */

/* Begin PBXFileReference section */
		75EEB82B2199003200125AEB /* GameManager.swift */ = {isa = PBXFileReference; lastKnownFileType = sourcecode.swift; path = GameManager.swift; sourceTree = "<group>"; };
		9C0E6FD5DD7B8DB1FF3E18D0 /* Pods_Assassin2.framework */ = {isa = PBXFileReference; explicitFileType = wrapper.framework; includeInIndex = 0; path = Pods_Assassin2.framework; sourceTree = BUILT_PRODUCTS_DIR; };
		A515AEC52188E8FA00A2F2AE /* Assassin2.app */ = {isa = PBXFileReference; explicitFileType = wrapper.application; includeInIndex = 0; path = Assassin2.app; sourceTree = BUILT_PRODUCTS_DIR; };
		A515AEC82188E8FA00A2F2AE /* AppDelegate.swift */ = {isa = PBXFileReference; lastKnownFileType = sourcecode.swift; path = AppDelegate.swift; sourceTree = "<group>"; };
		A515AECA2188E8FA00A2F2AE /* ViewController.swift */ = {isa = PBXFileReference; lastKnownFileType = sourcecode.swift; path = ViewController.swift; sourceTree = "<group>"; };
		A515AECD2188E8FA00A2F2AE /* Base */ = {isa = PBXFileReference; lastKnownFileType = file.storyboard; name = Base; path = Base.lproj/Main.storyboard; sourceTree = "<group>"; };
		A515AECF2188E8FC00A2F2AE /* Assets.xcassets */ = {isa = PBXFileReference; lastKnownFileType = folder.assetcatalog; path = Assets.xcassets; sourceTree = "<group>"; };
		A515AED22188E8FC00A2F2AE /* Base */ = {isa = PBXFileReference; lastKnownFileType = file.storyboard; name = Base; path = Base.lproj/LaunchScreen.storyboard; sourceTree = "<group>"; };
		A515AED42188E8FC00A2F2AE /* Info.plist */ = {isa = PBXFileReference; lastKnownFileType = text.plist.xml; path = Info.plist; sourceTree = "<group>"; };
		A515AEDA2188EB7200A2F2AE /* logInViewController.swift */ = {isa = PBXFileReference; lastKnownFileType = sourcecode.swift; path = logInViewController.swift; sourceTree = "<group>"; };
		A515AEDC2188ED7C00A2F2AE /* registerViewController.swift */ = {isa = PBXFileReference; lastKnownFileType = sourcecode.swift; path = registerViewController.swift; sourceTree = "<group>"; };
		A515AEDE2188EFEB00A2F2AE /* menuViewController.swift */ = {isa = PBXFileReference; lastKnownFileType = sourcecode.swift; path = menuViewController.swift; sourceTree = "<group>"; };
		A515AEE02188F18E00A2F2AE /* createGameViewController.swift */ = {isa = PBXFileReference; lastKnownFileType = sourcecode.swift; path = createGameViewController.swift; sourceTree = "<group>"; };
		A515AEE22188F19E00A2F2AE /* currentGameViewController.swift */ = {isa = PBXFileReference; lastKnownFileType = sourcecode.swift; path = currentGameViewController.swift; sourceTree = "<group>"; };
		A515AEE42188F20D00A2F2AE /* joinGameViewController.swift */ = {isa = PBXFileReference; lastKnownFileType = sourcecode.swift; path = joinGameViewController.swift; sourceTree = "<group>"; };
		A5E75685219CE94600B80F90 /* MyGamesViewController.swift */ = {isa = PBXFileReference; lastKnownFileType = sourcecode.swift; path = MyGamesViewController.swift; sourceTree = "<group>"; };
		D52FC40DEB192A820FFC7BBA /* Pods-Assassin2.debug.xcconfig */ = {isa = PBXFileReference; includeInIndex = 1; lastKnownFileType = text.xcconfig; name = "Pods-Assassin2.debug.xcconfig"; path = "Pods/Target Support Files/Pods-Assassin2/Pods-Assassin2.debug.xcconfig"; sourceTree = "<group>"; };
		E08E6DC9F2D18C4C03409718 /* Pods-Assassin2.release.xcconfig */ = {isa = PBXFileReference; includeInIndex = 1; lastKnownFileType = text.xcconfig; name = "Pods-Assassin2.release.xcconfig"; path = "Pods/Target Support Files/Pods-Assassin2/Pods-Assassin2.release.xcconfig"; sourceTree = "<group>"; };
/* End PBXFileReference section */

/* Begin PBXFrameworksBuildPhase section */
		A515AEC22188E8FA00A2F2AE /* Frameworks */ = {
			isa = PBXFrameworksBuildPhase;
			buildActionMask = 2147483647;
			files = (
				FE46C1880C9AF253805B8F51 /* Pods_Assassin2.framework in Frameworks */,
			);
			runOnlyForDeploymentPostprocessing = 0;
		};
/* End PBXFrameworksBuildPhase section */

/* Begin PBXGroup section */
		1DBA96753B57DE1A7A77F2EC /* Pods */ = {
			isa = PBXGroup;
			children = (
				D52FC40DEB192A820FFC7BBA /* Pods-Assassin2.debug.xcconfig */,
				E08E6DC9F2D18C4C03409718 /* Pods-Assassin2.release.xcconfig */,
			);
			name = Pods;
			sourceTree = "<group>";
		};
		A515AEBC2188E8FA00A2F2AE = {
			isa = PBXGroup;
			children = (
				A515AEC72188E8FA00A2F2AE /* Assassin2 */,
				A515AEC62188E8FA00A2F2AE /* Products */,
				1DBA96753B57DE1A7A77F2EC /* Pods */,
				D3F34A3AD486E11A6D2FCA83 /* Frameworks */,
			);
			sourceTree = "<group>";
		};
		A515AEC62188E8FA00A2F2AE /* Products */ = {
			isa = PBXGroup;
			children = (
				A515AEC52188E8FA00A2F2AE /* Assassin2.app */,
			);
			name = Products;
			sourceTree = "<group>";
		};
		A515AEC72188E8FA00A2F2AE /* Assassin2 */ = {
			isa = PBXGroup;
			children = (
				A515AEC82188E8FA00A2F2AE /* AppDelegate.swift */,
				A59E728C2193AF57008CA63D /* Model */,
				A59E728D2193AF6C008CA63D /* View */,
				A59E728E2193AF77008CA63D /* Controller */,
				A515AECF2188E8FC00A2F2AE /* Assets.xcassets */,
				A515AED42188E8FC00A2F2AE /* Info.plist */,
			);
			path = Assassin2;
			sourceTree = "<group>";
		};
		A59E728C2193AF57008CA63D /* Model */ = {
			isa = PBXGroup;
			children = (
			);
			path = Model;
			sourceTree = "<group>";
		};
		A59E728D2193AF6C008CA63D /* View */ = {
			isa = PBXGroup;
			children = (
				A515AECC2188E8FA00A2F2AE /* Main.storyboard */,
				A515AED12188E8FC00A2F2AE /* LaunchScreen.storyboard */,
			);
			path = View;
			sourceTree = "<group>";
		};
		A59E728E2193AF77008CA63D /* Controller */ = {
			isa = PBXGroup;
			children = (
				A5E75685219CE94600B80F90 /* MyGamesViewController.swift */,
				A515AECA2188E8FA00A2F2AE /* ViewController.swift */,
				A515AEE42188F20D00A2F2AE /* joinGameViewController.swift */,
				A515AEE02188F18E00A2F2AE /* createGameViewController.swift */,
				A515AEE22188F19E00A2F2AE /* currentGameViewController.swift */,
				A515AEDE2188EFEB00A2F2AE /* menuViewController.swift */,
				A515AEDA2188EB7200A2F2AE /* logInViewController.swift */,
				75EEB82B2199003200125AEB /* GameManager.swift */,
				A515AEDC2188ED7C00A2F2AE /* registerViewController.swift */,
			);
			path = Controller;
			sourceTree = "<group>";
		};
		D3F34A3AD486E11A6D2FCA83 /* Frameworks */ = {
			isa = PBXGroup;
			children = (
				9C0E6FD5DD7B8DB1FF3E18D0 /* Pods_Assassin2.framework */,
			);
			name = Frameworks;
			sourceTree = "<group>";
		};
/* End PBXGroup section */

/* Begin PBXNativeTarget section */
		A515AEC42188E8FA00A2F2AE /* Assassin2 */ = {
			isa = PBXNativeTarget;
			buildConfigurationList = A515AED72188E8FC00A2F2AE /* Build configuration list for PBXNativeTarget "Assassin2" */;
			buildPhases = (
				6C224002DDC4084A45743E3C /* [CP] Check Pods Manifest.lock */,
				A515AEC12188E8FA00A2F2AE /* Sources */,
				A515AEC22188E8FA00A2F2AE /* Frameworks */,
				A515AEC32188E8FA00A2F2AE /* Resources */,
				822D489F189D514BDBCBF41B /* [CP] Embed Pods Frameworks */,
			);
			buildRules = (
			);
			dependencies = (
			);
			name = Assassin2;
			productName = Assassin2;
			productReference = A515AEC52188E8FA00A2F2AE /* Assassin2.app */;
			productType = "com.apple.product-type.application";
		};
/* End PBXNativeTarget section */

/* Begin PBXProject section */
		A515AEBD2188E8FA00A2F2AE /* Project object */ = {
			isa = PBXProject;
			attributes = {
				LastSwiftUpdateCheck = 0940;
				LastUpgradeCheck = 0940;
				ORGANIZATIONNAME = "Cowabunga Games";
				TargetAttributes = {
					A515AEC42188E8FA00A2F2AE = {
						CreatedOnToolsVersion = 9.4.1;
					};
				};
			};
			buildConfigurationList = A515AEC02188E8FA00A2F2AE /* Build configuration list for PBXProject "Assassin2" */;
			compatibilityVersion = "Xcode 9.3";
			developmentRegion = en;
			hasScannedForEncodings = 0;
			knownRegions = (
				en,
				Base,
			);
			mainGroup = A515AEBC2188E8FA00A2F2AE;
			productRefGroup = A515AEC62188E8FA00A2F2AE /* Products */;
			projectDirPath = "";
			projectRoot = "";
			targets = (
				A515AEC42188E8FA00A2F2AE /* Assassin2 */,
			);
		};
/* End PBXProject section */

/* Begin PBXResourcesBuildPhase section */
		A515AEC32188E8FA00A2F2AE /* Resources */ = {
			isa = PBXResourcesBuildPhase;
			buildActionMask = 2147483647;
			files = (
				A515AED32188E8FC00A2F2AE /* LaunchScreen.storyboard in Resources */,
				A515AED02188E8FC00A2F2AE /* Assets.xcassets in Resources */,
				A515AECE2188E8FA00A2F2AE /* Main.storyboard in Resources */,
			);
			runOnlyForDeploymentPostprocessing = 0;
		};
/* End PBXResourcesBuildPhase section */

/* Begin PBXShellScriptBuildPhase section */
		6C224002DDC4084A45743E3C /* [CP] Check Pods Manifest.lock */ = {
			isa = PBXShellScriptBuildPhase;
			buildActionMask = 2147483647;
			files = (
			);
			inputPaths = (
				"${PODS_PODFILE_DIR_PATH}/Podfile.lock",
				"${PODS_ROOT}/Manifest.lock",
			);
			name = "[CP] Check Pods Manifest.lock";
			outputPaths = (
				"$(DERIVED_FILE_DIR)/Pods-Assassin2-checkManifestLockResult.txt",
			);
			runOnlyForDeploymentPostprocessing = 0;
			shellPath = /bin/sh;
			shellScript = "diff \"${PODS_PODFILE_DIR_PATH}/Podfile.lock\" \"${PODS_ROOT}/Manifest.lock\" > /dev/null\nif [ $? != 0 ] ; then\n    # print error to STDERR\n    echo \"error: The sandbox is not in sync with the Podfile.lock. Run 'pod install' or update your CocoaPods installation.\" >&2\n    exit 1\nfi\n# This output is used by Xcode 'outputs' to avoid re-running this script phase.\necho \"SUCCESS\" > \"${SCRIPT_OUTPUT_FILE_0}\"\n";
			showEnvVarsInLog = 0;
		};
		822D489F189D514BDBCBF41B /* [CP] Embed Pods Frameworks */ = {
			isa = PBXShellScriptBuildPhase;
			buildActionMask = 2147483647;
			files = (
			);
			inputPaths = (
				"${SRCROOT}/Pods/Target Support Files/Pods-Assassin2/Pods-Assassin2-frameworks.sh",
				"${BUILT_PRODUCTS_DIR}/Bolts/Bolts.framework",
				"${BUILT_PRODUCTS_DIR}/Parse/Parse.framework",
			);
			name = "[CP] Embed Pods Frameworks";
			outputPaths = (
				"${TARGET_BUILD_DIR}/${FRAMEWORKS_FOLDER_PATH}/Bolts.framework",
				"${TARGET_BUILD_DIR}/${FRAMEWORKS_FOLDER_PATH}/Parse.framework",
			);
			runOnlyForDeploymentPostprocessing = 0;
			shellPath = /bin/sh;
			shellScript = "\"${SRCROOT}/Pods/Target Support Files/Pods-Assassin2/Pods-Assassin2-frameworks.sh\"\n";
			showEnvVarsInLog = 0;
		};
/* End PBXShellScriptBuildPhase section */

/* Begin PBXSourcesBuildPhase section */
		A515AEC12188E8FA00A2F2AE /* Sources */ = {
			isa = PBXSourcesBuildPhase;
			buildActionMask = 2147483647;
			files = (
				A515AEE52188F20D00A2F2AE /* joinGameViewController.swift in Sources */,
				75EEB82C2199003200125AEB /* GameManager.swift in Sources */,
				A515AECB2188E8FA00A2F2AE /* ViewController.swift in Sources */,
				A515AEDB2188EB7200A2F2AE /* logInViewController.swift in Sources */,
				A5E75686219CE94600B80F90 /* MyGamesViewController.swift in Sources */,
				A515AEE12188F18E00A2F2AE /* createGameViewController.swift in Sources */,
				A515AEE32188F19E00A2F2AE /* currentGameViewController.swift in Sources */,
				A515AEC92188E8FA00A2F2AE /* AppDelegate.swift in Sources */,
				A515AEDD2188ED7C00A2F2AE /* registerViewController.swift in Sources */,
				A515AEDF2188EFEB00A2F2AE /* menuViewController.swift in Sources */,
			);
			runOnlyForDeploymentPostprocessing = 0;
		};
/* End PBXSourcesBuildPhase section */

/* Begin PBXVariantGroup section */
		A515AECC2188E8FA00A2F2AE /* Main.storyboard */ = {
			isa = PBXVariantGroup;
			children = (
				A515AECD2188E8FA00A2F2AE /* Base */,
			);
			name = Main.storyboard;
			sourceTree = "<group>";
		};
		A515AED12188E8FC00A2F2AE /* LaunchScreen.storyboard */ = {
			isa = PBXVariantGroup;
			children = (
				A515AED22188E8FC00A2F2AE /* Base */,
			);
			name = LaunchScreen.storyboard;
			sourceTree = "<group>";
		};
/* End PBXVariantGroup section */

/* Begin XCBuildConfiguration section */
		A515AED52188E8FC00A2F2AE /* Debug */ = {
			isa = XCBuildConfiguration;
			buildSettings = {
				ALWAYS_SEARCH_USER_PATHS = NO;
				CLANG_ANALYZER_NONNULL = YES;
				CLANG_ANALYZER_NUMBER_OBJECT_CONVERSION = YES_AGGRESSIVE;
				CLANG_CXX_LANGUAGE_STANDARD = "gnu++14";
				CLANG_CXX_LIBRARY = "libc++";
				CLANG_ENABLE_MODULES = YES;
				CLANG_ENABLE_OBJC_ARC = YES;
				CLANG_ENABLE_OBJC_WEAK = YES;
				CLANG_WARN_BLOCK_CAPTURE_AUTORELEASING = YES;
				CLANG_WARN_BOOL_CONVERSION = YES;
				CLANG_WARN_COMMA = YES;
				CLANG_WARN_CONSTANT_CONVERSION = YES;
				CLANG_WARN_DEPRECATED_OBJC_IMPLEMENTATIONS = YES;
				CLANG_WARN_DIRECT_OBJC_ISA_USAGE = YES_ERROR;
				CLANG_WARN_DOCUMENTATION_COMMENTS = YES;
				CLANG_WARN_EMPTY_BODY = YES;
				CLANG_WARN_ENUM_CONVERSION = YES;
				CLANG_WARN_INFINITE_RECURSION = YES;
				CLANG_WARN_INT_CONVERSION = YES;
				CLANG_WARN_NON_LITERAL_NULL_CONVERSION = YES;
				CLANG_WARN_OBJC_IMPLICIT_RETAIN_SELF = YES;
				CLANG_WARN_OBJC_LITERAL_CONVERSION = YES;
				CLANG_WARN_OBJC_ROOT_CLASS = YES_ERROR;
				CLANG_WARN_RANGE_LOOP_ANALYSIS = YES;
				CLANG_WARN_STRICT_PROTOTYPES = YES;
				CLANG_WARN_SUSPICIOUS_MOVE = YES;
				CLANG_WARN_UNGUARDED_AVAILABILITY = YES_AGGRESSIVE;
				CLANG_WARN_UNREACHABLE_CODE = YES;
				CLANG_WARN__DUPLICATE_METHOD_MATCH = YES;
				CODE_SIGN_IDENTITY = "iPhone Developer";
				COPY_PHASE_STRIP = NO;
				DEBUG_INFORMATION_FORMAT = dwarf;
				ENABLE_STRICT_OBJC_MSGSEND = YES;
				ENABLE_TESTABILITY = YES;
				GCC_C_LANGUAGE_STANDARD = gnu11;
				GCC_DYNAMIC_NO_PIC = NO;
				GCC_NO_COMMON_BLOCKS = YES;
				GCC_OPTIMIZATION_LEVEL = 0;
				GCC_PREPROCESSOR_DEFINITIONS = (
					"DEBUG=1",
					"$(inherited)",
				);
				GCC_WARN_64_TO_32_BIT_CONVERSION = YES;
				GCC_WARN_ABOUT_RETURN_TYPE = YES_ERROR;
				GCC_WARN_UNDECLARED_SELECTOR = YES;
				GCC_WARN_UNINITIALIZED_AUTOS = YES_AGGRESSIVE;
				GCC_WARN_UNUSED_FUNCTION = YES;
				GCC_WARN_UNUSED_VARIABLE = YES;
				IPHONEOS_DEPLOYMENT_TARGET = 11.4;
				MTL_ENABLE_DEBUG_INFO = YES;
				ONLY_ACTIVE_ARCH = YES;
				SDKROOT = iphoneos;
				SWIFT_ACTIVE_COMPILATION_CONDITIONS = DEBUG;
				SWIFT_OPTIMIZATION_LEVEL = "-Onone";
			};
			name = Debug;
		};
		A515AED62188E8FC00A2F2AE /* Release */ = {
			isa = XCBuildConfiguration;
			buildSettings = {
				ALWAYS_SEARCH_USER_PATHS = NO;
				CLANG_ANALYZER_NONNULL = YES;
				CLANG_ANALYZER_NUMBER_OBJECT_CONVERSION = YES_AGGRESSIVE;
				CLANG_CXX_LANGUAGE_STANDARD = "gnu++14";
				CLANG_CXX_LIBRARY = "libc++";
				CLANG_ENABLE_MODULES = YES;
				CLANG_ENABLE_OBJC_ARC = YES;
				CLANG_ENABLE_OBJC_WEAK = YES;
				CLANG_WARN_BLOCK_CAPTURE_AUTORELEASING = YES;
				CLANG_WARN_BOOL_CONVERSION = YES;
				CLANG_WARN_COMMA = YES;
				CLANG_WARN_CONSTANT_CONVERSION = YES;
				CLANG_WARN_DEPRECATED_OBJC_IMPLEMENTATIONS = YES;
				CLANG_WARN_DIRECT_OBJC_ISA_USAGE = YES_ERROR;
				CLANG_WARN_DOCUMENTATION_COMMENTS = YES;
				CLANG_WARN_EMPTY_BODY = YES;
				CLANG_WARN_ENUM_CONVERSION = YES;
				CLANG_WARN_INFINITE_RECURSION = YES;
				CLANG_WARN_INT_CONVERSION = YES;
				CLANG_WARN_NON_LITERAL_NULL_CONVERSION = YES;
				CLANG_WARN_OBJC_IMPLICIT_RETAIN_SELF = YES;
				CLANG_WARN_OBJC_LITERAL_CONVERSION = YES;
				CLANG_WARN_OBJC_ROOT_CLASS = YES_ERROR;
				CLANG_WARN_RANGE_LOOP_ANALYSIS = YES;
				CLANG_WARN_STRICT_PROTOTYPES = YES;
				CLANG_WARN_SUSPICIOUS_MOVE = YES;
				CLANG_WARN_UNGUARDED_AVAILABILITY = YES_AGGRESSIVE;
				CLANG_WARN_UNREACHABLE_CODE = YES;
				CLANG_WARN__DUPLICATE_METHOD_MATCH = YES;
				CODE_SIGN_IDENTITY = "iPhone Developer";
				COPY_PHASE_STRIP = NO;
				DEBUG_INFORMATION_FORMAT = "dwarf-with-dsym";
				ENABLE_NS_ASSERTIONS = NO;
				ENABLE_STRICT_OBJC_MSGSEND = YES;
				GCC_C_LANGUAGE_STANDARD = gnu11;
				GCC_NO_COMMON_BLOCKS = YES;
				GCC_WARN_64_TO_32_BIT_CONVERSION = YES;
				GCC_WARN_ABOUT_RETURN_TYPE = YES_ERROR;
				GCC_WARN_UNDECLARED_SELECTOR = YES;
				GCC_WARN_UNINITIALIZED_AUTOS = YES_AGGRESSIVE;
				GCC_WARN_UNUSED_FUNCTION = YES;
				GCC_WARN_UNUSED_VARIABLE = YES;
				IPHONEOS_DEPLOYMENT_TARGET = 11.4;
				MTL_ENABLE_DEBUG_INFO = NO;
				SDKROOT = iphoneos;
				SWIFT_COMPILATION_MODE = wholemodule;
				SWIFT_OPTIMIZATION_LEVEL = "-O";
				VALIDATE_PRODUCT = YES;
			};
			name = Release;
		};
		A515AED82188E8FC00A2F2AE /* Debug */ = {
			isa = XCBuildConfiguration;
			baseConfigurationReference = D52FC40DEB192A820FFC7BBA /* Pods-Assassin2.debug.xcconfig */;
			buildSettings = {
				ASSETCATALOG_COMPILER_APPICON_NAME = AppIcon;
				CODE_SIGN_STYLE = Automatic;
				DEVELOPMENT_TEAM = RHJFMU3K87;
				INFOPLIST_FILE = Assassin2/Info.plist;
				LD_RUNPATH_SEARCH_PATHS = (
					"$(inherited)",
					"@executable_path/Frameworks",
				);
				PRODUCT_BUNDLE_IDENTIFIER = com.CowabungaGames.Assassin2;
				PRODUCT_NAME = "$(TARGET_NAME)";
				SWIFT_VERSION = 4.0;
				TARGETED_DEVICE_FAMILY = "1,2";
			};
			name = Debug;
		};
		A515AED92188E8FC00A2F2AE /* Release */ = {
			isa = XCBuildConfiguration;
			baseConfigurationReference = E08E6DC9F2D18C4C03409718 /* Pods-Assassin2.release.xcconfig */;
			buildSettings = {
				ASSETCATALOG_COMPILER_APPICON_NAME = AppIcon;
				CODE_SIGN_STYLE = Automatic;
				DEVELOPMENT_TEAM = RHJFMU3K87;
				INFOPLIST_FILE = Assassin2/Info.plist;
				LD_RUNPATH_SEARCH_PATHS = (
					"$(inherited)",
					"@executable_path/Frameworks",
				);
				PRODUCT_BUNDLE_IDENTIFIER = com.CowabungaGames.Assassin2;
				PRODUCT_NAME = "$(TARGET_NAME)";
				SWIFT_VERSION = 4.0;
				TARGETED_DEVICE_FAMILY = "1,2";
			};
			name = Release;
		};
/* End XCBuildConfiguration section */

/* Begin XCConfigurationList section */
		A515AEC02188E8FA00A2F2AE /* Build configuration list for PBXProject "Assassin2" */ = {
			isa = XCConfigurationList;
			buildConfigurations = (
				A515AED52188E8FC00A2F2AE /* Debug */,
				A515AED62188E8FC00A2F2AE /* Release */,
			);
			defaultConfigurationIsVisible = 0;
			defaultConfigurationName = Release;
		};
		A515AED72188E8FC00A2F2AE /* Build configuration list for PBXNativeTarget "Assassin2" */ = {
			isa = XCConfigurationList;
			buildConfigurations = (
				A515AED82188E8FC00A2F2AE /* Debug */,
				A515AED92188E8FC00A2F2AE /* Release */,
			);
			defaultConfigurationIsVisible = 0;
			defaultConfigurationName = Release;
		};
/* End XCConfigurationList section */
	};
	rootObject = A515AEBD2188E8FA00A2F2AE /* Project object */;
}
